
Microsoft Visual Studio Solution File, Format Version 12.00
# Visual Studio 15
Project("{F2A71F9B-5D33-465A-A702-920D77279786}") = "hello-f-sharp", "hello-f-sharp\hello-f-sharp.fsproj", "{CCA4923E-9799-4EDC-933F-2272A75AAC2C}"
EndProject
Global
	GlobalSection(SolutionConfigurationPlatforms) = preSolution
		Debug|Any CPU = Debug|Any CPU
		Release|Any CPU = Release|Any CPU
	EndGlobalSection
	GlobalSection(ProjectConfigurationPlatforms) = postSolution
		{CCA4923E-9799-4EDC-933F-2272A75AAC2C}.Debug|Any CPU.ActiveCfg = Debug|Any CPU
		{CCA4923E-9799-4EDC-933F-2272A75AAC2C}.Debug|Any CPU.Build.0 = Debug|Any CPU
		{CCA4923E-9799-4EDC-933F-2272A75AAC2C}.Release|Any CPU.ActiveCfg = Release|Any CPU
		{CCA4923E-9799-4EDC-933F-2272A75AAC2C}.Release|Any CPU.Build.0 = Release|Any CPU
	EndGlobalSection
EndGlobal
